// !$*UTF8*$!
{
	archiveVersion = 1;
	classes = {
	};
	objectVersion = 50;
	objects = {

/* Begin PBXBuildFile section */
		04846B8125D55A750086080D /* FructusApp.swift in Sources */ = {isa = PBXBuildFile; fileRef = 04846B8025D55A750086080D /* FructusApp.swift */; };
		04846B8325D55A750086080D /* ContentView.swift in Sources */ = {isa = PBXBuildFile; fileRef = 04846B8225D55A750086080D /* ContentView.swift */; };
		04846B8525D55A760086080D /* Assets.xcassets in Resources */ = {isa = PBXBuildFile; fileRef = 04846B8425D55A760086080D /* Assets.xcassets */; };
		04846B8825D55A760086080D /* Preview Assets.xcassets in Resources */ = {isa = PBXBuildFile; fileRef = 04846B8725D55A760086080D /* Preview Assets.xcassets */; };
		04846B9325D564520086080D /* FruitCardView.swift in Sources */ = {isa = PBXBuildFile; fileRef = 04846B9225D564520086080D /* FruitCardView.swift */; };
		04846B9925D576E30086080D /* StartButtonView.swift in Sources */ = {isa = PBXBuildFile; fileRef = 04846B9825D576E30086080D /* StartButtonView.swift */; };
		04846B9C25D57C5E0086080D /* OnboardingView.swift in Sources */ = {isa = PBXBuildFile; fileRef = 04846B9B25D57C5E0086080D /* OnboardingView.swift */; };
		04846BA225D581990086080D /* FruitModel.swift in Sources */ = {isa = PBXBuildFile; fileRef = 04846BA125D581990086080D /* FruitModel.swift */; };
		04846BA725D583AC0086080D /* FruitData.swift in Sources */ = {isa = PBXBuildFile; fileRef = 04846BA625D583AC0086080D /* FruitData.swift */; };
		04846BAC25D590820086080D /* FruitRowView.swift in Sources */ = {isa = PBXBuildFile; fileRef = 04846BAB25D590820086080D /* FruitRowView.swift */; };
		04846BB125D5ABFF0086080D /* FruitDetailView.swift in Sources */ = {isa = PBXBuildFile; fileRef = 04846BB025D5ABFF0086080D /* FruitDetailView.swift */; };
/* End PBXBuildFile section */

/* Begin PBXFileReference section */
		04846B7D25D55A750086080D /* Fructus.app */ = {isa = PBXFileReference; explicitFileType = wrapper.application; includeInIndex = 0; path = Fructus.app; sourceTree = BUILT_PRODUCTS_DIR; };
		04846B8025D55A750086080D /* FructusApp.swift */ = {isa = PBXFileReference; lastKnownFileType = sourcecode.swift; path = FructusApp.swift; sourceTree = "<group>"; };
		04846B8225D55A750086080D /* ContentView.swift */ = {isa = PBXFileReference; lastKnownFileType = sourcecode.swift; path = ContentView.swift; sourceTree = "<group>"; };
		04846B8425D55A760086080D /* Assets.xcassets */ = {isa = PBXFileReference; lastKnownFileType = folder.assetcatalog; path = Assets.xcassets; sourceTree = "<group>"; };
		04846B8725D55A760086080D /* Preview Assets.xcassets */ = {isa = PBXFileReference; lastKnownFileType = folder.assetcatalog; path = "Preview Assets.xcassets"; sourceTree = "<group>"; };
		04846B8925D55A760086080D /* Info.plist */ = {isa = PBXFileReference; lastKnownFileType = text.plist.xml; path = Info.plist; sourceTree = "<group>"; };
		04846B9225D564520086080D /* FruitCardView.swift */ = {isa = PBXFileReference; lastKnownFileType = sourcecode.swift; path = FruitCardView.swift; sourceTree = "<group>"; };
		04846B9825D576E30086080D /* StartButtonView.swift */ = {isa = PBXFileReference; lastKnownFileType = sourcecode.swift; path = StartButtonView.swift; sourceTree = "<group>"; };
		04846B9B25D57C5E0086080D /* OnboardingView.swift */ = {isa = PBXFileReference; lastKnownFileType = sourcecode.swift; path = OnboardingView.swift; sourceTree = "<group>"; };
		04846BA125D581990086080D /* FruitModel.swift */ = {isa = PBXFileReference; lastKnownFileType = sourcecode.swift; path = FruitModel.swift; sourceTree = "<group>"; };
		04846BA625D583AC0086080D /* FruitData.swift */ = {isa = PBXFileReference; lastKnownFileType = sourcecode.swift; path = FruitData.swift; sourceTree = "<group>"; };
		04846BAB25D590820086080D /* FruitRowView.swift */ = {isa = PBXFileReference; lastKnownFileType = sourcecode.swift; path = FruitRowView.swift; sourceTree = "<group>"; };
		04846BB025D5ABFF0086080D /* FruitDetailView.swift */ = {isa = PBXFileReference; lastKnownFileType = sourcecode.swift; path = FruitDetailView.swift; sourceTree = "<group>"; };
/* End PBXFileReference section */

/* Begin PBXFrameworksBuildPhase section */
		04846B7A25D55A750086080D /* Frameworks */ = {
			isa = PBXFrameworksBuildPhase;
			buildActionMask = 2147483647;
			files = (
			);
			runOnlyForDeploymentPostprocessing = 0;
		};
/* End PBXFrameworksBuildPhase section */

/* Begin PBXGroup section */
		04846B7425D55A750086080D = {
			isa = PBXGroup;
			children = (
				04846B7F25D55A750086080D /* Fructus */,
				04846B7E25D55A750086080D /* Products */,
			);
			sourceTree = "<group>";
		};
		04846B7E25D55A750086080D /* Products */ = {
			isa = PBXGroup;
			children = (
				04846B7D25D55A750086080D /* Fructus.app */,
			);
			name = Products;
			sourceTree = "<group>";
		};
		04846B7F25D55A750086080D /* Fructus */ = {
			isa = PBXGroup;
			children = (
				04846BA525D5839A0086080D /* Data */,
				04846BA025D581880086080D /* Model */,
				04846B9025D564030086080D /* App */,
				04846B9525D5645F0086080D /* View */,
				04846B8425D55A760086080D /* Assets.xcassets */,
				04846B8925D55A760086080D /* Info.plist */,
				04846B8625D55A760086080D /* Preview Content */,
			);
			path = Fructus;
			sourceTree = "<group>";
		};
		04846B8625D55A760086080D /* Preview Content */ = {
			isa = PBXGroup;
			children = (
				04846B8725D55A760086080D /* Preview Assets.xcassets */,
			);
			path = "Preview Content";
			sourceTree = "<group>";
		};
		04846B9025D564030086080D /* App */ = {
			isa = PBXGroup;
			children = (
				04846B8025D55A750086080D /* FructusApp.swift */,
				04846BB025D5ABFF0086080D /* FruitDetailView.swift */,
				04846B8225D55A750086080D /* ContentView.swift */,
				04846B9B25D57C5E0086080D /* OnboardingView.swift */,
			);
			path = App;
			sourceTree = "<group>";
		};
		04846B9525D5645F0086080D /* View */ = {
			isa = PBXGroup;
			children = (
				04846B9225D564520086080D /* FruitCardView.swift */,
				04846BAB25D590820086080D /* FruitRowView.swift */,
				04846B9825D576E30086080D /* StartButtonView.swift */,
			);
			path = View;
			sourceTree = "<group>";
		};
		04846BA025D581880086080D /* Model */ = {
			isa = PBXGroup;
			children = (
				04846BA125D581990086080D /* FruitModel.swift */,
			);
			path = Model;
			sourceTree = "<group>";
		};
		04846BA525D5839A0086080D /* Data */ = {
			isa = PBXGroup;
			children = (
				04846BA625D583AC0086080D /* FruitData.swift */,
			);
			path = Data;
			sourceTree = "<group>";
		};
/* End PBXGroup section */

/* Begin PBXNativeTarget section */
		04846B7C25D55A750086080D /* Fructus */ = {
			isa = PBXNativeTarget;
			buildConfigurationList = 04846B8C25D55A760086080D /* Build configuration list for PBXNativeTarget "Fructus" */;
			buildPhases = (
				04846B7925D55A750086080D /* Sources */,
				04846B7A25D55A750086080D /* Frameworks */,
				04846B7B25D55A750086080D /* Resources */,
			);
			buildRules = (
			);
			dependencies = (
			);
			name = Fructus;
			productName = Fructus;
			productReference = 04846B7D25D55A750086080D /* Fructus.app */;
			productType = "com.apple.product-type.application";
		};
/* End PBXNativeTarget section */

/* Begin PBXProject section */
		04846B7525D55A750086080D /* Project object */ = {
			isa = PBXProject;
			attributes = {
				LastSwiftUpdateCheck = 1240;
				LastUpgradeCheck = 1240;
				TargetAttributes = {
					04846B7C25D55A750086080D = {
						CreatedOnToolsVersion = 12.4;
					};
				};
			};
			buildConfigurationList = 04846B7825D55A750086080D /* Build configuration list for PBXProject "Fructus" */;
			compatibilityVersion = "Xcode 9.3";
			developmentRegion = en;
			hasScannedForEncodings = 0;
			knownRegions = (
				en,
				Base,
			);
			mainGroup = 04846B7425D55A750086080D;
			productRefGroup = 04846B7E25D55A750086080D /* Products */;
			projectDirPath = "";
			projectRoot = "";
			targets = (
				04846B7C25D55A750086080D /* Fructus */,
			);
		};
/* End PBXProject section */

/* Begin PBXResourcesBuildPhase section */
		04846B7B25D55A750086080D /* Resources */ = {
			isa = PBXResourcesBuildPhase;
			buildActionMask = 2147483647;
			files = (
				04846B8825D55A760086080D /* Preview Assets.xcassets in Resources */,
				04846B8525D55A760086080D /* Assets.xcassets in Resources */,
			);
			runOnlyForDeploymentPostprocessing = 0;
		};
/* End PBXResourcesBuildPhase section */

/* Begin PBXSourcesBuildPhase section */
		04846B7925D55A750086080D /* Sources */ = {
			isa = PBXSourcesBuildPhase;
			buildActionMask = 2147483647;
			files = (
				04846BA725D583AC0086080D /* FruitData.swift in Sources */,
				04846B9325D564520086080D /* FruitCardView.swift in Sources */,
				04846BAC25D590820086080D /* FruitRowView.swift in Sources */,
				04846B9925D576E30086080D /* StartButtonView.swift in Sources */,
				04846BB125D5ABFF0086080D /* FruitDetailView.swift in Sources */,
				04846B8325D55A750086080D /* ContentView.swift in Sources */,
				04846B9C25D57C5E0086080D /* OnboardingView.swift in Sources */,
				04846BA225D581990086080D /* FruitModel.swift in Sources */,
				04846B8125D55A750086080D /* FructusApp.swift in Sources */,
			);
			runOnlyForDeploymentPostprocessing = 0;
		};
/* End PBXSourcesBuildPhase section */

/* Begin XCBuildConfiguration section */
		04846B8A25D55A760086080D /* Debug */ = {
			isa = XCBuildConfiguration;
			buildSettings = {
				ALWAYS_SEARCH_USER_PATHS = NO;
				CLANG_ANALYZER_NONNULL = YES;
				CLANG_ANALYZER_NUMBER_OBJECT_CONVERSION = YES_AGGRESSIVE;
				CLANG_CXX_LANGUAGE_STANDARD = "gnu++14";
				CLANG_CXX_LIBRARY = "libc++";
				CLANG_ENABLE_MODULES = YES;
				CLANG_ENABLE_OBJC_ARC = YES;
				CLANG_ENABLE_OBJC_WEAK = YES;
				CLANG_WARN_BLOCK_CAPTURE_AUTORELEASING = YES;
				CLANG_WARN_BOOL_CONVERSION = YES;
				CLANG_WARN_COMMA = YES;
				CLANG_WARN_CONSTANT_CONVERSION = YES;
				CLANG_WARN_DEPRECATED_OBJC_IMPLEMENTATIONS = YES;
				CLANG_WARN_DIRECT_OBJC_ISA_USAGE = YES_ERROR;
				CLANG_WARN_DOCUMENTATION_COMMENTS = YES;
				CLANG_WARN_EMPTY_BODY = YES;
				CLANG_WARN_ENUM_CONVERSION = YES;
				CLANG_WARN_INFINITE_RECURSION = YES;
				CLANG_WARN_INT_CONVERSION = YES;
				CLANG_WARN_NON_LITERAL_NULL_CONVERSION = YES;
				CLANG_WARN_OBJC_IMPLICIT_RETAIN_SELF = YES;
				CLANG_WARN_OBJC_LITERAL_CONVERSION = YES;
				CLANG_WARN_OBJC_ROOT_CLASS = YES_ERROR;
				CLANG_WARN_QUOTED_INCLUDE_IN_FRAMEWORK_HEADER = YES;
				CLANG_WARN_RANGE_LOOP_ANALYSIS = YES;
				CLANG_WARN_STRICT_PROTOTYPES = YES;
				CLANG_WARN_SUSPICIOUS_MOVE = YES;
				CLANG_WARN_UNGUARDED_AVAILABILITY = YES_AGGRESSIVE;
				CLANG_WARN_UNREACHABLE_CODE = YES;
				CLANG_WARN__DUPLICATE_METHOD_MATCH = YES;
				COPY_PHASE_STRIP = NO;
				DEBUG_INFORMATION_FORMAT = dwarf;
				ENABLE_STRICT_OBJC_MSGSEND = YES;
				ENABLE_TESTABILITY = YES;
				GCC_C_LANGUAGE_STANDARD = gnu11;
				GCC_DYNAMIC_NO_PIC = NO;
				GCC_NO_COMMON_BLOCKS = YES;
				GCC_OPTIMIZATION_LEVEL = 0;
				GCC_PREPROCESSOR_DEFINITIONS = (
					"DEBUG=1",
					"$(inherited)",
				);
				GCC_WARN_64_TO_32_BIT_CONVERSION = YES;
				GCC_WARN_ABOUT_RETURN_TYPE = YES_ERROR;
				GCC_WARN_UNDECLARED_SELECTOR = YES;
				GCC_WARN_UNINITIALIZED_AUTOS = YES_AGGRESSIVE;
				GCC_WARN_UNUSED_FUNCTION = YES;
				GCC_WARN_UNUSED_VARIABLE = YES;
				IPHONEOS_DEPLOYMENT_TARGET = 14.4;
				MTL_ENABLE_DEBUG_INFO = INCLUDE_SOURCE;
				MTL_FAST_MATH = YES;
				ONLY_ACTIVE_ARCH = YES;
				SDKROOT = iphoneos;
				SWIFT_ACTIVE_COMPILATION_CONDITIONS = DEBUG;
				SWIFT_OPTIMIZATION_LEVEL = "-Onone";
			};
			name = Debug;
		};
		04846B8B25D55A760086080D /* Release */ = {
			isa = XCBuildConfiguration;
			buildSettings = {
				ALWAYS_SEARCH_USER_PATHS = NO;
				CLANG_ANALYZER_NONNULL = YES;
				CLANG_ANALYZER_NUMBER_OBJECT_CONVERSION = YES_AGGRESSIVE;
				CLANG_CXX_LANGUAGE_STANDARD = "gnu++14";
				CLANG_CXX_LIBRARY = "libc++";
				CLANG_ENABLE_MODULES = YES;
				CLANG_ENABLE_OBJC_ARC = YES;
				CLANG_ENABLE_OBJC_WEAK = YES;
				CLANG_WARN_BLOCK_CAPTURE_AUTORELEASING = YES;
				CLANG_WARN_BOOL_CONVERSION = YES;
				CLANG_WARN_COMMA = YES;
				CLANG_WARN_CONSTANT_CONVERSION = YES;
				CLANG_WARN_DEPRECATED_OBJC_IMPLEMENTATIONS = YES;
				CLANG_WARN_DIRECT_OBJC_ISA_USAGE = YES_ERROR;
				CLANG_WARN_DOCUMENTATION_COMMENTS = YES;
				CLANG_WARN_EMPTY_BODY = YES;
				CLANG_WARN_ENUM_CONVERSION = YES;
				CLANG_WARN_INFINITE_RECURSION = YES;
				CLANG_WARN_INT_CONVERSION = YES;
				CLANG_WARN_NON_LITERAL_NULL_CONVERSION = YES;
				CLANG_WARN_OBJC_IMPLICIT_RETAIN_SELF = YES;
				CLANG_WARN_OBJC_LITERAL_CONVERSION = YES;
				CLANG_WARN_OBJC_ROOT_CLASS = YES_ERROR;
				CLANG_WARN_QUOTED_INCLUDE_IN_FRAMEWORK_HEADER = YES;
				CLANG_WARN_RANGE_LOOP_ANALYSIS = YES;
				CLANG_WARN_STRICT_PROTOTYPES = YES;
				CLANG_WARN_SUSPICIOUS_MOVE = YES;
				CLANG_WARN_UNGUARDED_AVAILABILITY = YES_AGGRESSIVE;
				CLANG_WARN_UNREACHABLE_CODE = YES;
				CLANG_WARN__DUPLICATE_METHOD_MATCH = YES;
				COPY_PHASE_STRIP = NO;
				DEBUG_INFORMATION_FORMAT = "dwarf-with-dsym";
				ENABLE_NS_ASSERTIONS = NO;
				ENABLE_STRICT_OBJC_MSGSEND = YES;
				GCC_C_LANGUAGE_STANDARD = gnu11;
				GCC_NO_COMMON_BLOCKS = YES;
				GCC_WARN_64_TO_32_BIT_CONVERSION = YES;
				GCC_WARN_ABOUT_RETURN_TYPE = YES_ERROR;
				GCC_WARN_UNDECLARED_SELECTOR = YES;
				GCC_WARN_UNINITIALIZED_AUTOS = YES_AGGRESSIVE;
				GCC_WARN_UNUSED_FUNCTION = YES;
				GCC_WARN_UNUSED_VARIABLE = YES;
				IPHONEOS_DEPLOYMENT_TARGET = 14.4;
				MTL_ENABLE_DEBUG_INFO = NO;
				MTL_FAST_MATH = YES;
				SDKROOT = iphoneos;
				SWIFT_COMPILATION_MODE = wholemodule;
				SWIFT_OPTIMIZATION_LEVEL = "-O";
				VALIDATE_PRODUCT = YES;
			};
			name = Release;
		};
		04846B8D25D55A760086080D /* Debug */ = {
			isa = XCBuildConfiguration;
			buildSettings = {
				ASSETCATALOG_COMPILER_APPICON_NAME = AppIcon;
				ASSETCATALOG_COMPILER_GLOBAL_ACCENT_COLOR_NAME = AccentColor;
				CODE_SIGN_STYLE = Automatic;
				DEVELOPMENT_ASSET_PATHS = "\"Fructus/Preview Content\"";
				DEVELOPMENT_TEAM = WW6582Q94G;
				ENABLE_PREVIEWS = YES;
				INFOPLIST_FILE = Fructus/Info.plist;
				IPHONEOS_DEPLOYMENT_TARGET = 14.0;
				LD_RUNPATH_SEARCH_PATHS = (
					"$(inherited)",
					"@executable_path/Frameworks",
				);
				PRODUCT_BUNDLE_IDENTIFIER = com.chavicodes.Fructus;
				PRODUCT_NAME = "$(TARGET_NAME)";
				SWIFT_VERSION = 5.0;
				TARGETED_DEVICE_FAMILY = "1,2";
			};
			name = Debug;
		};
		04846B8E25D55A760086080D /* Release */ = {
			isa = XCBuildConfiguration;
			buildSettings = {
				ASSETCATALOG_COMPILER_APPICON_NAME = AppIcon;
				ASSETCATALOG_COMPILER_GLOBAL_ACCENT_COLOR_NAME = AccentColor;
				CODE_SIGN_STYLE = Automatic;
				DEVELOPMENT_ASSET_PATHS = "\"Fructus/Preview Content\"";
				DEVELOPMENT_TEAM = WW6582Q94G;
				ENABLE_PREVIEWS = YES;
				INFOPLIST_FILE = Fructus/Info.plist;
				IPHONEOS_DEPLOYMENT_TARGET = 14.0;
				LD_RUNPATH_SEARCH_PATHS = (
					"$(inherited)",
					"@executable_path/Frameworks",
				);
				PRODUCT_BUNDLE_IDENTIFIER = com.chavicodes.Fructus;
				PRODUCT_NAME = "$(TARGET_NAME)";
				SWIFT_VERSION = 5.0;
				TARGETED_DEVICE_FAMILY = "1,2";
			};
			name = Release;
		};
/* End XCBuildConfiguration section */

/* Begin XCConfigurationList section */
		04846B7825D55A750086080D /* Build configuration list for PBXProject "Fructus" */ = {
			isa = XCConfigurationList;
			buildConfigurations = (
				04846B8A25D55A760086080D /* Debug */,
				04846B8B25D55A760086080D /* Release */,
			);
			defaultConfigurationIsVisible = 0;
			defaultConfigurationName = Release;
		};
		04846B8C25D55A760086080D /* Build configuration list for PBXNativeTarget "Fructus" */ = {
			isa = XCConfigurationList;
			buildConfigurations = (
				04846B8D25D55A760086080D /* Debug */,
				04846B8E25D55A760086080D /* Release */,
			);
			defaultConfigurationIsVisible = 0;
			defaultConfigurationName = Release;
		};
/* End XCConfigurationList section */
	};
	rootObject = 04846B7525D55A750086080D /* Project object */;
}
